
Microsoft Visual Studio Solution File, Format Version 12.00
# Visual Studio 15
VisualStudioVersion = 15.0.27004.2008
MinimumVisualStudioVersion = 10.0.40219.1
Project("{D954291E-2A0B-460D-934E-DC6B0785DB48}") = "Xamarin_Test", "Xamarin Test\Xamarin_Test\Xamarin_Test.shproj", "{F4249026-6413-4F29-8BD2-49495502052C}"
EndProject
Project("{FAE04EC0-301F-11D3-BF4B-00C04F79EFBC}") = "Xamarin_Test.Android", "Xamarin Test\Xamarin_Test.Android\Xamarin_Test.Android.csproj", "{E5606DA4-B347-45CD-9892-122E7FC611AA}"
EndProject
Project("{FAE04EC0-301F-11D3-BF4B-00C04F79EFBC}") = "Xamarin_Test.iOS", "Xamarin Test\Xamarin_Test.iOS\Xamarin_Test.iOS.csproj", "{67C5BFBA-C824-4240-9074-E4516BB7FCF5}"
EndProject
Project("{FAE04EC0-301F-11D3-BF4B-00C04F79EFBC}") = "Xamarin_Test.UWP", "Xamarin Test\Xamarin_Test.UWP\Xamarin_Test.UWP.csproj", "{DF707ADA-FBFE-4DBF-B6A4-17F88096E55A}"
EndProject
Global
	GlobalSection(SharedMSBuildProjectFiles) = preSolution
		Xamarin Test\Xamarin_Test\Xamarin_Test.projitems*{67c5bfba-c824-4240-9074-e4516bb7fcf5}*SharedItemsImports = 4
		Xamarin Test\Xamarin_Test\Xamarin_Test.projitems*{df707ada-fbfe-4dbf-b6a4-17f88096e55a}*SharedItemsImports = 4
		Xamarin Test\Xamarin_Test\Xamarin_Test.projitems*{e5606da4-b347-45cd-9892-122e7fc611aa}*SharedItemsImports = 4
		Xamarin Test\Xamarin_Test\Xamarin_Test.projitems*{f4249026-6413-4f29-8bd2-49495502052c}*SharedItemsImports = 13
	EndGlobalSection
	GlobalSection(SolutionConfigurationPlatforms) = preSolution
		Ad-Hoc|Any CPU = Ad-Hoc|Any CPU
		Ad-Hoc|ARM = Ad-Hoc|ARM
		Ad-Hoc|iPhone = Ad-Hoc|iPhone
		Ad-Hoc|iPhoneSimulator = Ad-Hoc|iPhoneSimulator
		Ad-Hoc|x64 = Ad-Hoc|x64
		Ad-Hoc|x86 = Ad-Hoc|x86
		AppStore|Any CPU = AppStore|Any CPU
		AppStore|ARM = AppStore|ARM
		AppStore|iPhone = AppStore|iPhone
		AppStore|iPhoneSimulator = AppStore|iPhoneSimulator
		AppStore|x64 = AppStore|x64
		AppStore|x86 = AppStore|x86
		Debug|Any CPU = Debug|Any CPU
		Debug|ARM = Debug|ARM
		Debug|iPhone = Debug|iPhone
		Debug|iPhoneSimulator = Debug|iPhoneSimulator
		Debug|x64 = Debug|x64
		Debug|x86 = Debug|x86
		Release|Any CPU = Release|Any CPU
		Release|ARM = Release|ARM
		Release|iPhone = Release|iPhone
		Release|iPhoneSimulator = Release|iPhoneSimulator
		Release|x64 = Release|x64
		Release|x86 = Release|x86
	EndGlobalSection
	GlobalSection(ProjectConfigurationPlatforms) = postSolution
		{E5606DA4-B347-45CD-9892-122E7FC611AA}.Ad-Hoc|Any CPU.ActiveCfg = Release|Any CPU
		{E5606DA4-B347-45CD-9892-122E7FC611AA}.Ad-Hoc|Any CPU.Build.0 = Release|Any CPU
		{E5606DA4-B347-45CD-9892-122E7FC611AA}.Ad-Hoc|Any CPU.Deploy.0 = Release|Any CPU
		{E5606DA4-B347-45CD-9892-122E7FC611AA}.Ad-Hoc|ARM.ActiveCfg = Release|Any CPU
		{E5606DA4-B347-45CD-9892-122E7FC611AA}.Ad-Hoc|ARM.Build.0 = Release|Any CPU
		{E5606DA4-B347-45CD-9892-122E7FC611AA}.Ad-Hoc|ARM.Deploy.0 = Release|Any CPU
		{E5606DA4-B347-45CD-9892-122E7FC611AA}.Ad-Hoc|iPhone.ActiveCfg = Release|Any CPU
		{E5606DA4-B347-45CD-9892-122E7FC611AA}.Ad-Hoc|iPhone.Build.0 = Release|Any CPU
		{E5606DA4-B347-45CD-9892-122E7FC611AA}.Ad-Hoc|iPhone.Deploy.0 = Release|Any CPU
		{E5606DA4-B347-45CD-9892-122E7FC611AA}.Ad-Hoc|iPhoneSimulator.ActiveCfg = Release|Any CPU
		{E5606DA4-B347-45CD-9892-122E7FC611AA}.Ad-Hoc|iPhoneSimulator.Build.0 = Release|Any CPU
		{E5606DA4-B347-45CD-9892-122E7FC611AA}.Ad-Hoc|iPhoneSimulator.Deploy.0 = Release|Any CPU
		{E5606DA4-B347-45CD-9892-122E7FC611AA}.Ad-Hoc|x64.ActiveCfg = Release|Any CPU
		{E5606DA4-B347-45CD-9892-122E7FC611AA}.Ad-Hoc|x64.Build.0 = Release|Any CPU
		{E5606DA4-B347-45CD-9892-122E7FC611AA}.Ad-Hoc|x64.Deploy.0 = Release|Any CPU
		{E5606DA4-B347-45CD-9892-122E7FC611AA}.Ad-Hoc|x86.ActiveCfg = Release|Any CPU
		{E5606DA4-B347-45CD-9892-122E7FC611AA}.Ad-Hoc|x86.Build.0 = Release|Any CPU
		{E5606DA4-B347-45CD-9892-122E7FC611AA}.Ad-Hoc|x86.Deploy.0 = Release|Any CPU
		{E5606DA4-B347-45CD-9892-122E7FC611AA}.AppStore|Any CPU.ActiveCfg = Release|Any CPU
		{E5606DA4-B347-45CD-9892-122E7FC611AA}.AppStore|Any CPU.Build.0 = Release|Any CPU
		{E5606DA4-B347-45CD-9892-122E7FC611AA}.AppStore|Any CPU.Deploy.0 = Release|Any CPU
		{E5606DA4-B347-45CD-9892-122E7FC611AA}.AppStore|ARM.ActiveCfg = Release|Any CPU
		{E5606DA4-B347-45CD-9892-122E7FC611AA}.AppStore|ARM.Build.0 = Release|Any CPU
		{E5606DA4-B347-45CD-9892-122E7FC611AA}.AppStore|ARM.Deploy.0 = Release|Any CPU
		{E5606DA4-B347-45CD-9892-122E7FC611AA}.AppStore|iPhone.ActiveCfg = Release|Any CPU
		{E5606DA4-B347-45CD-9892-122E7FC611AA}.AppStore|iPhone.Build.0 = Release|Any CPU
		{E5606DA4-B347-45CD-9892-122E7FC611AA}.AppStore|iPhone.Deploy.0 = Release|Any CPU
		{E5606DA4-B347-45CD-9892-122E7FC611AA}.AppStore|iPhoneSimulator.ActiveCfg = Release|Any CPU
		{E5606DA4-B347-45CD-9892-122E7FC611AA}.AppStore|iPhoneSimulator.Build.0 = Release|Any CPU
		{E5606DA4-B347-45CD-9892-122E7FC611AA}.AppStore|iPhoneSimulator.Deploy.0 = Release|Any CPU
		{E5606DA4-B347-45CD-9892-122E7FC611AA}.AppStore|x64.ActiveCfg = Release|Any CPU
		{E5606DA4-B347-45CD-9892-122E7FC611AA}.AppStore|x64.Build.0 = Release|Any CPU
		{E5606DA4-B347-45CD-9892-122E7FC611AA}.AppStore|x64.Deploy.0 = Release|Any CPU
		{E5606DA4-B347-45CD-9892-122E7FC611AA}.AppStore|x86.ActiveCfg = Release|Any CPU
		{E5606DA4-B347-45CD-9892-122E7FC611AA}.AppStore|x86.Build.0 = Release|Any CPU
		{E5606DA4-B347-45CD-9892-122E7FC611AA}.AppStore|x86.Deploy.0 = Release|Any CPU
		{E5606DA4-B347-45CD-9892-122E7FC611AA}.Debug|Any CPU.ActiveCfg = Debug|Any CPU
		{E5606DA4-B347-45CD-9892-122E7FC611AA}.Debug|Any CPU.Build.0 = Debug|Any CPU
		{E5606DA4-B347-45CD-9892-122E7FC611AA}.Debug|Any CPU.Deploy.0 = Debug|Any CPU
		{E5606DA4-B347-45CD-9892-122E7FC611AA}.Debug|ARM.ActiveCfg = Debug|Any CPU
		{E5606DA4-B347-45CD-9892-122E7FC611AA}.Debug|ARM.Build.0 = Debug|Any CPU
		{E5606DA4-B347-45CD-9892-122E7FC611AA}.Debug|ARM.Deploy.0 = Debug|Any CPU
		{E5606DA4-B347-45CD-9892-122E7FC611AA}.Debug|iPhone.ActiveCfg = Debug|Any CPU
		{E5606DA4-B347-45CD-9892-122E7FC611AA}.Debug|iPhone.Build.0 = Debug|Any CPU
		{E5606DA4-B347-45CD-9892-122E7FC611AA}.Debug|iPhone.Deploy.0 = Debug|Any CPU
		{E5606DA4-B347-45CD-9892-122E7FC611AA}.Debug|iPhoneSimulator.ActiveCfg = Debug|Any CPU
		{E5606DA4-B347-45CD-9892-122E7FC611AA}.Debug|iPhoneSimulator.Build.0 = Debug|Any CPU
		{E5606DA4-B347-45CD-9892-122E7FC611AA}.Debug|iPhoneSimulator.Deploy.0 = Debug|Any CPU
		{E5606DA4-B347-45CD-9892-122E7FC611AA}.Debug|x64.ActiveCfg = Debug|Any CPU
		{E5606DA4-B347-45CD-9892-122E7FC611AA}.Debug|x64.Build.0 = Debug|Any CPU
		{E5606DA4-B347-45CD-9892-122E7FC611AA}.Debug|x64.Deploy.0 = Debug|Any CPU
		{E5606DA4-B347-45CD-9892-122E7FC611AA}.Debug|x86.ActiveCfg = Debug|Any CPU
		{E5606DA4-B347-45CD-9892-122E7FC611AA}.Debug|x86.Build.0 = Debug|Any CPU
		{E5606DA4-B347-45CD-9892-122E7FC611AA}.Debug|x86.Deploy.0 = Debug|Any CPU
		{E5606DA4-B347-45CD-9892-122E7FC611AA}.Release|Any CPU.ActiveCfg = Release|Any CPU
		{E5606DA4-B347-45CD-9892-122E7FC611AA}.Release|Any CPU.Build.0 = Release|Any CPU
		{E5606DA4-B347-45CD-9892-122E7FC611AA}.Release|Any CPU.Deploy.0 = Release|Any CPU
		{E5606DA4-B347-45CD-9892-122E7FC611AA}.Release|ARM.ActiveCfg = Release|Any CPU
		{E5606DA4-B347-45CD-9892-122E7FC611AA}.Release|ARM.Build.0 = Release|Any CPU
		{E5606DA4-B347-45CD-9892-122E7FC611AA}.Release|ARM.Deploy.0 = Release|Any CPU
		{E5606DA4-B347-45CD-9892-122E7FC611AA}.Release|iPhone.ActiveCfg = Release|Any CPU
		{E5606DA4-B347-45CD-9892-122E7FC611AA}.Release|iPhone.Build.0 = Release|Any CPU
		{E5606DA4-B347-45CD-9892-122E7FC611AA}.Release|iPhone.Deploy.0 = Release|Any CPU
		{E5606DA4-B347-45CD-9892-122E7FC611AA}.Release|iPhoneSimulator.ActiveCfg = Release|Any CPU
		{E5606DA4-B347-45CD-9892-122E7FC611AA}.Release|iPhoneSimulator.Build.0 = Release|Any CPU
		{E5606DA4-B347-45CD-9892-122E7FC611AA}.Release|iPhoneSimulator.Deploy.0 = Release|Any CPU
		{E5606DA4-B347-45CD-9892-122E7FC611AA}.Release|x64.ActiveCfg = Release|Any CPU
		{E5606DA4-B347-45CD-9892-122E7FC611AA}.Release|x64.Build.0 = Release|Any CPU
		{E5606DA4-B347-45CD-9892-122E7FC611AA}.Release|x64.Deploy.0 = Release|Any CPU
		{E5606DA4-B347-45CD-9892-122E7FC611AA}.Release|x86.ActiveCfg = Release|Any CPU
		{E5606DA4-B347-45CD-9892-122E7FC611AA}.Release|x86.Build.0 = Release|Any CPU
		{E5606DA4-B347-45CD-9892-122E7FC611AA}.Release|x86.Deploy.0 = Release|Any CPU
		{67C5BFBA-C824-4240-9074-E4516BB7FCF5}.Ad-Hoc|Any CPU.ActiveCfg = Ad-Hoc|iPhoneSimulator
		{67C5BFBA-C824-4240-9074-E4516BB7FCF5}.Ad-Hoc|ARM.ActiveCfg = Ad-Hoc|iPhone
		{67C5BFBA-C824-4240-9074-E4516BB7FCF5}.Ad-Hoc|iPhone.ActiveCfg = Ad-Hoc|iPhone
		{67C5BFBA-C824-4240-9074-E4516BB7FCF5}.Ad-Hoc|iPhone.Build.0 = Ad-Hoc|iPhone
		{67C5BFBA-C824-4240-9074-E4516BB7FCF5}.Ad-Hoc|iPhoneSimulator.ActiveCfg = Ad-Hoc|iPhoneSimulator
		{67C5BFBA-C824-4240-9074-E4516BB7FCF5}.Ad-Hoc|iPhoneSimulator.Build.0 = Ad-Hoc|iPhoneSimulator
		{67C5BFBA-C824-4240-9074-E4516BB7FCF5}.Ad-Hoc|x64.ActiveCfg = Ad-Hoc|iPhone
		{67C5BFBA-C824-4240-9074-E4516BB7FCF5}.Ad-Hoc|x86.ActiveCfg = Ad-Hoc|iPhone
		{67C5BFBA-C824-4240-9074-E4516BB7FCF5}.AppStore|Any CPU.ActiveCfg = AppStore|iPhoneSimulator
		{67C5BFBA-C824-4240-9074-E4516BB7FCF5}.AppStore|ARM.ActiveCfg = AppStore|iPhone
		{67C5BFBA-C824-4240-9074-E4516BB7FCF5}.AppStore|iPhone.ActiveCfg = AppStore|iPhone
		{67C5BFBA-C824-4240-9074-E4516BB7FCF5}.AppStore|iPhone.Build.0 = AppStore|iPhone
		{67C5BFBA-C824-4240-9074-E4516BB7FCF5}.AppStore|iPhoneSimulator.ActiveCfg = AppStore|iPhoneSimulator
		{67C5BFBA-C824-4240-9074-E4516BB7FCF5}.AppStore|iPhoneSimulator.Build.0 = AppStore|iPhoneSimulator
		{67C5BFBA-C824-4240-9074-E4516BB7FCF5}.AppStore|x64.ActiveCfg = AppStore|iPhone
		{67C5BFBA-C824-4240-9074-E4516BB7FCF5}.AppStore|x86.ActiveCfg = AppStore|iPhone
		{67C5BFBA-C824-4240-9074-E4516BB7FCF5}.Debug|Any CPU.ActiveCfg = Debug|iPhoneSimulator
		{67C5BFBA-C824-4240-9074-E4516BB7FCF5}.Debug|ARM.ActiveCfg = Debug|iPhone
		{67C5BFBA-C824-4240-9074-E4516BB7FCF5}.Debug|iPhone.ActiveCfg = Debug|iPhone
		{67C5BFBA-C824-4240-9074-E4516BB7FCF5}.Debug|iPhone.Build.0 = Debug|iPhone
		{67C5BFBA-C824-4240-9074-E4516BB7FCF5}.Debug|iPhoneSimulator.ActiveCfg = Debug|iPhoneSimulator
		{67C5BFBA-C824-4240-9074-E4516BB7FCF5}.Debug|iPhoneSimulator.Build.0 = Debug|iPhoneSimulator
		{67C5BFBA-C824-4240-9074-E4516BB7FCF5}.Debug|x64.ActiveCfg = Debug|iPhone
		{67C5BFBA-C824-4240-9074-E4516BB7FCF5}.Debug|x86.ActiveCfg = Debug|iPhone
		{67C5BFBA-C824-4240-9074-E4516BB7FCF5}.Release|Any CPU.ActiveCfg = Release|iPhoneSimulator
		{67C5BFBA-C824-4240-9074-E4516BB7FCF5}.Release|ARM.ActiveCfg = Release|iPhone
		{67C5BFBA-C824-4240-9074-E4516BB7FCF5}.Release|iPhone.ActiveCfg = Release|iPhone
		{67C5BFBA-C824-4240-9074-E4516BB7FCF5}.Release|iPhone.Build.0 = Release|iPhone
		{67C5BFBA-C824-4240-9074-E4516BB7FCF5}.Release|iPhoneSimulator.ActiveCfg = Release|iPhoneSimulator
		{67C5BFBA-C824-4240-9074-E4516BB7FCF5}.Release|iPhoneSimulator.Build.0 = Release|iPhoneSimulator
		{67C5BFBA-C824-4240-9074-E4516BB7FCF5}.Release|x64.ActiveCfg = Release|iPhone
		{67C5BFBA-C824-4240-9074-E4516BB7FCF5}.Release|x86.ActiveCfg = Release|iPhone
		{DF707ADA-FBFE-4DBF-B6A4-17F88096E55A}.Ad-Hoc|Any CPU.ActiveCfg = Release|x86
		{DF707ADA-FBFE-4DBF-B6A4-17F88096E55A}.Ad-Hoc|Any CPU.Build.0 = Release|x86
		{DF707ADA-FBFE-4DBF-B6A4-17F88096E55A}.Ad-Hoc|Any CPU.Deploy.0 = Release|x86
		{DF707ADA-FBFE-4DBF-B6A4-17F88096E55A}.Ad-Hoc|ARM.ActiveCfg = Release|ARM
		{DF707ADA-FBFE-4DBF-B6A4-17F88096E55A}.Ad-Hoc|ARM.Build.0 = Release|ARM
		{DF707ADA-FBFE-4DBF-B6A4-17F88096E55A}.Ad-Hoc|ARM.Deploy.0 = Release|ARM
		{DF707ADA-FBFE-4DBF-B6A4-17F88096E55A}.Ad-Hoc|iPhone.ActiveCfg = Release|x86
		{DF707ADA-FBFE-4DBF-B6A4-17F88096E55A}.Ad-Hoc|iPhone.Build.0 = Release|x86
		{DF707ADA-FBFE-4DBF-B6A4-17F88096E55A}.Ad-Hoc|iPhone.Deploy.0 = Release|x86
		{DF707ADA-FBFE-4DBF-B6A4-17F88096E55A}.Ad-Hoc|iPhoneSimulator.ActiveCfg = Release|x86
		{DF707ADA-FBFE-4DBF-B6A4-17F88096E55A}.Ad-Hoc|iPhoneSimulator.Build.0 = Release|x86
		{DF707ADA-FBFE-4DBF-B6A4-17F88096E55A}.Ad-Hoc|iPhoneSimulator.Deploy.0 = Release|x86
		{DF707ADA-FBFE-4DBF-B6A4-17F88096E55A}.Ad-Hoc|x64.ActiveCfg = Release|x64
		{DF707ADA-FBFE-4DBF-B6A4-17F88096E55A}.Ad-Hoc|x64.Build.0 = Release|x64
		{DF707ADA-FBFE-4DBF-B6A4-17F88096E55A}.Ad-Hoc|x64.Deploy.0 = Release|x64
		{DF707ADA-FBFE-4DBF-B6A4-17F88096E55A}.Ad-Hoc|x86.ActiveCfg = Release|x86
		{DF707ADA-FBFE-4DBF-B6A4-17F88096E55A}.Ad-Hoc|x86.Build.0 = Release|x86
		{DF707ADA-FBFE-4DBF-B6A4-17F88096E55A}.Ad-Hoc|x86.Deploy.0 = Release|x86
		{DF707ADA-FBFE-4DBF-B6A4-17F88096E55A}.AppStore|Any CPU.ActiveCfg = Release|x86
		{DF707ADA-FBFE-4DBF-B6A4-17F88096E55A}.AppStore|Any CPU.Build.0 = Release|x86
		{DF707ADA-FBFE-4DBF-B6A4-17F88096E55A}.AppStore|Any CPU.Deploy.0 = Release|x86
		{DF707ADA-FBFE-4DBF-B6A4-17F88096E55A}.AppStore|ARM.ActiveCfg = Release|ARM
		{DF707ADA-FBFE-4DBF-B6A4-17F88096E55A}.AppStore|ARM.Build.0 = Release|ARM
		{DF707ADA-FBFE-4DBF-B6A4-17F88096E55A}.AppStore|ARM.Deploy.0 = Release|ARM
		{DF707ADA-FBFE-4DBF-B6A4-17F88096E55A}.AppStore|iPhone.ActiveCfg = Release|x86
		{DF707ADA-FBFE-4DBF-B6A4-17F88096E55A}.AppStore|iPhone.Build.0 = Release|x86
		{DF707ADA-FBFE-4DBF-B6A4-17F88096E55A}.AppStore|iPhone.Deploy.0 = Release|x86
		{DF707ADA-FBFE-4DBF-B6A4-17F88096E55A}.AppStore|iPhoneSimulator.ActiveCfg = Release|x86
		{DF707ADA-FBFE-4DBF-B6A4-17F88096E55A}.AppStore|iPhoneSimulator.Build.0 = Release|x86
		{DF707ADA-FBFE-4DBF-B6A4-17F88096E55A}.AppStore|iPhoneSimulator.Deploy.0 = Release|x86
		{DF707ADA-FBFE-4DBF-B6A4-17F88096E55A}.AppStore|x64.ActiveCfg = Release|x64
		{DF707ADA-FBFE-4DBF-B6A4-17F88096E55A}.AppStore|x64.Build.0 = Release|x64
		{DF707ADA-FBFE-4DBF-B6A4-17F88096E55A}.AppStore|x64.Deploy.0 = Release|x64
		{DF707ADA-FBFE-4DBF-B6A4-17F88096E55A}.AppStore|x86.ActiveCfg = Release|x86
		{DF707ADA-FBFE-4DBF-B6A4-17F88096E55A}.AppStore|x86.Build.0 = Release|x86
		{DF707ADA-FBFE-4DBF-B6A4-17F88096E55A}.AppStore|x86.Deploy.0 = Release|x86
		{DF707ADA-FBFE-4DBF-B6A4-17F88096E55A}.Debug|Any CPU.ActiveCfg = Debug|x86
		{DF707ADA-FBFE-4DBF-B6A4-17F88096E55A}.Debug|ARM.ActiveCfg = Debug|ARM
		{DF707ADA-FBFE-4DBF-B6A4-17F88096E55A}.Debug|ARM.Build.0 = Debug|ARM
		{DF707ADA-FBFE-4DBF-B6A4-17F88096E55A}.Debug|ARM.Deploy.0 = Debug|ARM
		{DF707ADA-FBFE-4DBF-B6A4-17F88096E55A}.Debug|iPhone.ActiveCfg = Debug|x86
		{DF707ADA-FBFE-4DBF-B6A4-17F88096E55A}.Debug|iPhoneSimulator.ActiveCfg = Debug|x86
		{DF707ADA-FBFE-4DBF-B6A4-17F88096E55A}.Debug|x64.ActiveCfg = Debug|x64
		{DF707ADA-FBFE-4DBF-B6A4-17F88096E55A}.Debug|x64.Build.0 = Debug|x64
		{DF707ADA-FBFE-4DBF-B6A4-17F88096E55A}.Debug|x64.Deploy.0 = Debug|x64
		{DF707ADA-FBFE-4DBF-B6A4-17F88096E55A}.Debug|x86.ActiveCfg = Debug|x86
		{DF707ADA-FBFE-4DBF-B6A4-17F88096E55A}.Debug|x86.Build.0 = Debug|x86
		{DF707ADA-FBFE-4DBF-B6A4-17F88096E55A}.Debug|x86.Deploy.0 = Debug|x86
		{DF707ADA-FBFE-4DBF-B6A4-17F88096E55A}.Release|Any CPU.ActiveCfg = Release|x86
		{DF707ADA-FBFE-4DBF-B6A4-17F88096E55A}.Release|ARM.ActiveCfg = Release|ARM
		{DF707ADA-FBFE-4DBF-B6A4-17F88096E55A}.Release|ARM.Build.0 = Release|ARM
		{DF707ADA-FBFE-4DBF-B6A4-17F88096E55A}.Release|ARM.Deploy.0 = Release|ARM
		{DF707ADA-FBFE-4DBF-B6A4-17F88096E55A}.Release|iPhone.ActiveCfg = Release|x86
		{DF707ADA-FBFE-4DBF-B6A4-17F88096E55A}.Release|iPhoneSimulator.ActiveCfg = Release|x86
		{DF707ADA-FBFE-4DBF-B6A4-17F88096E55A}.Release|x64.ActiveCfg = Release|x64
		{DF707ADA-FBFE-4DBF-B6A4-17F88096E55A}.Release|x64.Build.0 = Release|x64
		{DF707ADA-FBFE-4DBF-B6A4-17F88096E55A}.Release|x64.Deploy.0 = Release|x64
		{DF707ADA-FBFE-4DBF-B6A4-17F88096E55A}.Release|x86.ActiveCfg = Release|x86
		{DF707ADA-FBFE-4DBF-B6A4-17F88096E55A}.Release|x86.Build.0 = Release|x86
		{DF707ADA-FBFE-4DBF-B6A4-17F88096E55A}.Release|x86.Deploy.0 = Release|x86
	EndGlobalSection
	GlobalSection(SolutionProperties) = preSolution
		HideSolutionNode = FALSE
	EndGlobalSection
	GlobalSection(ExtensibilityGlobals) = postSolution
		SolutionGuid = {8C340A39-136F-426A-9D7C-F4B8833CFAD3}
	EndGlobalSection
EndGlobal
